// !$*UTF8*$!
{
	archiveVersion = 1;
	classes = {
	};
	objectVersion = 56;
	objects = {

/* Begin PBXBuildFile section */
		C62731452928ACDA0023A45E /* my_extentions.docc in Sources */ = {isa = PBXBuildFile; fileRef = C62731442928ACDA0023A45E /* my_extentions.docc */; };
		C627314B2928ACDA0023A45E /* my_extentions.framework in Frameworks */ = {isa = PBXBuildFile; fileRef = C62731402928ACDA0023A45E /* my_extentions.framework */; };
		C62731502928ACDA0023A45E /* my_extentionsTests.swift in Sources */ = {isa = PBXBuildFile; fileRef = C627314F2928ACDA0023A45E /* my_extentionsTests.swift */; };
		C62731512928ACDA0023A45E /* my_extentions.h in Headers */ = {isa = PBXBuildFile; fileRef = C62731432928ACDA0023A45E /* my_extentions.h */; settings = {ATTRIBUTES = (Public, ); }; };
		C627315C2928B25A0023A45E /* Double+Extention.swift in Sources */ = {isa = PBXBuildFile; fileRef = C627315B2928B25A0023A45E /* Double+Extention.swift */; };
		C627315F2928B6780023A45E /* DoubleExtentionTest.swift in Sources */ = {isa = PBXBuildFile; fileRef = C627315E2928B6780023A45E /* DoubleExtentionTest.swift */; };
/* End PBXBuildFile section */

/* Begin PBXContainerItemProxy section */
		C627314C2928ACDA0023A45E /* PBXContainerItemProxy */ = {
			isa = PBXContainerItemProxy;
			containerPortal = C62731372928ACDA0023A45E /* Project object */;
			proxyType = 1;
			remoteGlobalIDString = C627313F2928ACDA0023A45E;
			remoteInfo = "my-extentions";
		};
/* End PBXContainerItemProxy section */

/* Begin PBXFileReference section */
		C62731402928ACDA0023A45E /* my_extentions.framework */ = {isa = PBXFileReference; explicitFileType = wrapper.framework; includeInIndex = 0; path = my_extentions.framework; sourceTree = BUILT_PRODUCTS_DIR; };
		C62731432928ACDA0023A45E /* my_extentions.h */ = {isa = PBXFileReference; lastKnownFileType = sourcecode.c.h; path = my_extentions.h; sourceTree = "<group>"; };
		C62731442928ACDA0023A45E /* my_extentions.docc */ = {isa = PBXFileReference; lastKnownFileType = folder.documentationcatalog; path = my_extentions.docc; sourceTree = "<group>"; };
		C627314A2928ACDA0023A45E /* my-extentionsTests.xctest */ = {isa = PBXFileReference; explicitFileType = wrapper.cfbundle; includeInIndex = 0; path = "my-extentionsTests.xctest"; sourceTree = BUILT_PRODUCTS_DIR; };
		C627314F2928ACDA0023A45E /* my_extentionsTests.swift */ = {isa = PBXFileReference; lastKnownFileType = sourcecode.swift; path = my_extentionsTests.swift; sourceTree = "<group>"; };
		C627315B2928B25A0023A45E /* Double+Extention.swift */ = {isa = PBXFileReference; lastKnownFileType = sourcecode.swift; path = "Double+Extention.swift"; sourceTree = "<group>"; };
		C627315E2928B6780023A45E /* DoubleExtentionTest.swift */ = {isa = PBXFileReference; lastKnownFileType = sourcecode.swift; path = DoubleExtentionTest.swift; sourceTree = "<group>"; };
/* End PBXFileReference section */

/* Begin PBXFrameworksBuildPhase section */
		C627313D2928ACDA0023A45E /* Frameworks */ = {
			isa = PBXFrameworksBuildPhase;
			buildActionMask = 2147483647;
			files = (
			);
			runOnlyForDeploymentPostprocessing = 0;
		};
		C62731472928ACDA0023A45E /* Frameworks */ = {
			isa = PBXFrameworksBuildPhase;
			buildActionMask = 2147483647;
			files = (
				C627314B2928ACDA0023A45E /* my_extentions.framework in Frameworks */,
			);
			runOnlyForDeploymentPostprocessing = 0;
		};
/* End PBXFrameworksBuildPhase section */

/* Begin PBXGroup section */
		C62731362928ACDA0023A45E = {
			isa = PBXGroup;
			children = (
				C62731422928ACDA0023A45E /* my-extentions */,
				C627314E2928ACDA0023A45E /* my-extentionsTests */,
				C62731412928ACDA0023A45E /* Products */,
			);
			sourceTree = "<group>";
		};
		C62731412928ACDA0023A45E /* Products */ = {
			isa = PBXGroup;
			children = (
				C62731402928ACDA0023A45E /* my_extentions.framework */,
				C627314A2928ACDA0023A45E /* my-extentionsTests.xctest */,
			);
			name = Products;
			sourceTree = "<group>";
		};
		C62731422928ACDA0023A45E /* my-extentions */ = {
			isa = PBXGroup;
			children = (
				C627315A2928B2120023A45E /* Extentions */,
				C62731432928ACDA0023A45E /* my_extentions.h */,
				C62731442928ACDA0023A45E /* my_extentions.docc */,
			);
			path = "my-extentions";
			sourceTree = "<group>";
		};
		C627314E2928ACDA0023A45E /* my-extentionsTests */ = {
			isa = PBXGroup;
			children = (
				C627315D2928B60F0023A45E /* Extentions */,
				C627314F2928ACDA0023A45E /* my_extentionsTests.swift */,
			);
			path = "my-extentionsTests";
			sourceTree = "<group>";
		};
		C627315A2928B2120023A45E /* Extentions */ = {
			isa = PBXGroup;
			children = (
				C627315B2928B25A0023A45E /* Double+Extention.swift */,
			);
			path = Extentions;
			sourceTree = "<group>";
		};
		C627315D2928B60F0023A45E /* Extentions */ = {
			isa = PBXGroup;
			children = (
				C627315E2928B6780023A45E /* DoubleExtentionTest.swift */,
			);
			path = Extentions;
			sourceTree = "<group>";
		};
/* End PBXGroup section */

/* Begin PBXHeadersBuildPhase section */
		C627313B2928ACDA0023A45E /* Headers */ = {
			isa = PBXHeadersBuildPhase;
			buildActionMask = 2147483647;
			files = (
				C62731512928ACDA0023A45E /* my_extentions.h in Headers */,
			);
			runOnlyForDeploymentPostprocessing = 0;
		};
/* End PBXHeadersBuildPhase section */

/* Begin PBXNativeTarget section */
		C627313F2928ACDA0023A45E /* my-extentions */ = {
			isa = PBXNativeTarget;
			buildConfigurationList = C62731542928ACDA0023A45E /* Build configuration list for PBXNativeTarget "my-extentions" */;
			buildPhases = (
				C627313B2928ACDA0023A45E /* Headers */,
				C627313C2928ACDA0023A45E /* Sources */,
				C627313D2928ACDA0023A45E /* Frameworks */,
				C627313E2928ACDA0023A45E /* Resources */,
			);
			buildRules = (
			);
			dependencies = (
			);
			name = "my-extentions";
			productName = "my-extentions";
			productReference = C62731402928ACDA0023A45E /* my_extentions.framework */;
			productType = "com.apple.product-type.framework";
		};
		C62731492928ACDA0023A45E /* my-extentionsTests */ = {
			isa = PBXNativeTarget;
			buildConfigurationList = C62731572928ACDA0023A45E /* Build configuration list for PBXNativeTarget "my-extentionsTests" */;
			buildPhases = (
				C62731462928ACDA0023A45E /* Sources */,
				C62731472928ACDA0023A45E /* Frameworks */,
				C62731482928ACDA0023A45E /* Resources */,
			);
			buildRules = (
			);
			dependencies = (
				C627314D2928ACDA0023A45E /* PBXTargetDependency */,
			);
			name = "my-extentionsTests";
			productName = "my-extentionsTests";
			productReference = C627314A2928ACDA0023A45E /* my-extentionsTests.xctest */;
			productType = "com.apple.product-type.bundle.unit-test";
		};
/* End PBXNativeTarget section */

/* Begin PBXProject section */
		C62731372928ACDA0023A45E /* Project object */ = {
			isa = PBXProject;
			attributes = {
				BuildIndependentTargetsInParallel = 1;
				LastSwiftUpdateCheck = 1400;
				LastUpgradeCheck = 1400;
				TargetAttributes = {
					C627313F2928ACDA0023A45E = {
						CreatedOnToolsVersion = 14.0;
					};
					C62731492928ACDA0023A45E = {
						CreatedOnToolsVersion = 14.0;
					};
				};
			};
			buildConfigurationList = C627313A2928ACDA0023A45E /* Build configuration list for PBXProject "my-extentions" */;
			compatibilityVersion = "Xcode 14.0";
			developmentRegion = en;
			hasScannedForEncodings = 0;
			knownRegions = (
				en,
				Base,
			);
			mainGroup = C62731362928ACDA0023A45E;
			productRefGroup = C62731412928ACDA0023A45E /* Products */;
			projectDirPath = "";
			projectRoot = "";
			targets = (
				C627313F2928ACDA0023A45E /* my-extentions */,
				C62731492928ACDA0023A45E /* my-extentionsTests */,
			);
		};
/* End PBXProject section */

/* Begin PBXResourcesBuildPhase section */
		C627313E2928ACDA0023A45E /* Resources */ = {
			isa = PBXResourcesBuildPhase;
			buildActionMask = 2147483647;
			files = (
			);
			runOnlyForDeploymentPostprocessing = 0;
		};
		C62731482928ACDA0023A45E /* Resources */ = {
			isa = PBXResourcesBuildPhase;
			buildActionMask = 2147483647;
			files = (
			);
			runOnlyForDeploymentPostprocessing = 0;
		};
/* End PBXResourcesBuildPhase section */

/* Begin PBXSourcesBuildPhase section */
		C627313C2928ACDA0023A45E /* Sources */ = {
			isa = PBXSourcesBuildPhase;
			buildActionMask = 2147483647;
			files = (
				C62731452928ACDA0023A45E /* my_extentions.docc in Sources */,
				C627315C2928B25A0023A45E /* Double+Extention.swift in Sources */,
			);
			runOnlyForDeploymentPostprocessing = 0;
		};
		C62731462928ACDA0023A45E /* Sources */ = {
			isa = PBXSourcesBuildPhase;
			buildActionMask = 2147483647;
			files = (
				C62731502928ACDA0023A45E /* my_extentionsTests.swift in Sources */,
				C627315F2928B6780023A45E /* DoubleExtentionTest.swift in Sources */,
			);
			runOnlyForDeploymentPostprocessing = 0;
		};
/* End PBXSourcesBuildPhase section */

/* Begin PBXTargetDependency section */
		C627314D2928ACDA0023A45E /* PBXTargetDependency */ = {
			isa = PBXTargetDependency;
			target = C627313F2928ACDA0023A45E /* my-extentions */;
			targetProxy = C627314C2928ACDA0023A45E /* PBXContainerItemProxy */;
		};
/* End PBXTargetDependency section */

/* Begin XCBuildConfiguration section */
		C62731522928ACDA0023A45E /* Debug */ = {
			isa = XCBuildConfiguration;
			buildSettings = {
				ALWAYS_SEARCH_USER_PATHS = NO;
				CLANG_ANALYZER_NONNULL = YES;
				CLANG_ANALYZER_NUMBER_OBJECT_CONVERSION = YES_AGGRESSIVE;
				CLANG_CXX_LANGUAGE_STANDARD = "gnu++20";
				CLANG_ENABLE_MODULES = YES;
				CLANG_ENABLE_OBJC_ARC = YES;
				CLANG_ENABLE_OBJC_WEAK = YES;
				CLANG_WARN_BLOCK_CAPTURE_AUTORELEASING = YES;
				CLANG_WARN_BOOL_CONVERSION = YES;
				CLANG_WARN_COMMA = YES;
				CLANG_WARN_CONSTANT_CONVERSION = YES;
				CLANG_WARN_DEPRECATED_OBJC_IMPLEMENTATIONS = YES;
				CLANG_WARN_DIRECT_OBJC_ISA_USAGE = YES_ERROR;
				CLANG_WARN_DOCUMENTATION_COMMENTS = YES;
				CLANG_WARN_EMPTY_BODY = YES;
				CLANG_WARN_ENUM_CONVERSION = YES;
				CLANG_WARN_INFINITE_RECURSION = YES;
				CLANG_WARN_INT_CONVERSION = YES;
				CLANG_WARN_NON_LITERAL_NULL_CONVERSION = YES;
				CLANG_WARN_OBJC_IMPLICIT_RETAIN_SELF = YES;
				CLANG_WARN_OBJC_LITERAL_CONVERSION = YES;
				CLANG_WARN_OBJC_ROOT_CLASS = YES_ERROR;
				CLANG_WARN_QUOTED_INCLUDE_IN_FRAMEWORK_HEADER = YES;
				CLANG_WARN_RANGE_LOOP_ANALYSIS = YES;
				CLANG_WARN_STRICT_PROTOTYPES = YES;
				CLANG_WARN_SUSPICIOUS_MOVE = YES;
				CLANG_WARN_UNGUARDED_AVAILABILITY = YES_AGGRESSIVE;
				CLANG_WARN_UNREACHABLE_CODE = YES;
				CLANG_WARN__DUPLICATE_METHOD_MATCH = YES;
				COPY_PHASE_STRIP = NO;
				CURRENT_PROJECT_VERSION = 1;
				DEBUG_INFORMATION_FORMAT = dwarf;
				ENABLE_STRICT_OBJC_MSGSEND = YES;
				ENABLE_TESTABILITY = YES;
				GCC_C_LANGUAGE_STANDARD = gnu11;
				GCC_DYNAMIC_NO_PIC = NO;
				GCC_NO_COMMON_BLOCKS = YES;
				GCC_OPTIMIZATION_LEVEL = 0;
				GCC_PREPROCESSOR_DEFINITIONS = (
					"DEBUG=1",
					"$(inherited)",
				);
				GCC_WARN_64_TO_32_BIT_CONVERSION = YES;
				GCC_WARN_ABOUT_RETURN_TYPE = YES_ERROR;
				GCC_WARN_UNDECLARED_SELECTOR = YES;
				GCC_WARN_UNINITIALIZED_AUTOS = YES_AGGRESSIVE;
				GCC_WARN_UNUSED_FUNCTION = YES;
				GCC_WARN_UNUSED_VARIABLE = YES;
				IPHONEOS_DEPLOYMENT_TARGET = 16.0;
				MTL_ENABLE_DEBUG_INFO = INCLUDE_SOURCE;
				MTL_FAST_MATH = YES;
				ONLY_ACTIVE_ARCH = YES;
				SDKROOT = iphoneos;
				SWIFT_ACTIVE_COMPILATION_CONDITIONS = DEBUG;
				SWIFT_OPTIMIZATION_LEVEL = "-Onone";
				VERSIONING_SYSTEM = "apple-generic";
				VERSION_INFO_PREFIX = "";
			};
			name = Debug;
		};
		C62731532928ACDA0023A45E /* Release */ = {
			isa = XCBuildConfiguration;
			buildSettings = {
				ALWAYS_SEARCH_USER_PATHS = NO;
				CLANG_ANALYZER_NONNULL = YES;
				CLANG_ANALYZER_NUMBER_OBJECT_CONVERSION = YES_AGGRESSIVE;
				CLANG_CXX_LANGUAGE_STANDARD = "gnu++20";
				CLANG_ENABLE_MODULES = YES;
				CLANG_ENABLE_OBJC_ARC = YES;
				CLANG_ENABLE_OBJC_WEAK = YES;
				CLANG_WARN_BLOCK_CAPTURE_AUTORELEASING = YES;
				CLANG_WARN_BOOL_CONVERSION = YES;
				CLANG_WARN_COMMA = YES;
				CLANG_WARN_CONSTANT_CONVERSION = YES;
				CLANG_WARN_DEPRECATED_OBJC_IMPLEMENTATIONS = YES;
				CLANG_WARN_DIRECT_OBJC_ISA_USAGE = YES_ERROR;
				CLANG_WARN_DOCUMENTATION_COMMENTS = YES;
				CLANG_WARN_EMPTY_BODY = YES;
				CLANG_WARN_ENUM_CONVERSION = YES;
				CLANG_WARN_INFINITE_RECURSION = YES;
				CLANG_WARN_INT_CONVERSION = YES;
				CLANG_WARN_NON_LITERAL_NULL_CONVERSION = YES;
				CLANG_WARN_OBJC_IMPLICIT_RETAIN_SELF = YES;
				CLANG_WARN_OBJC_LITERAL_CONVERSION = YES;
				CLANG_WARN_OBJC_ROOT_CLASS = YES_ERROR;
				CLANG_WARN_QUOTED_INCLUDE_IN_FRAMEWORK_HEADER = YES;
				CLANG_WARN_RANGE_LOOP_ANALYSIS = YES;
				CLANG_WARN_STRICT_PROTOTYPES = YES;
				CLANG_WARN_SUSPICIOUS_MOVE = YES;
				CLANG_WARN_UNGUARDED_AVAILABILITY = YES_AGGRESSIVE;
				CLANG_WARN_UNREACHABLE_CODE = YES;
				CLANG_WARN__DUPLICATE_METHOD_MATCH = YES;
				COPY_PHASE_STRIP = NO;
				CURRENT_PROJECT_VERSION = 1;
				DEBUG_INFORMATION_FORMAT = "dwarf-with-dsym";
				ENABLE_NS_ASSERTIONS = NO;
				ENABLE_STRICT_OBJC_MSGSEND = YES;
				GCC_C_LANGUAGE_STANDARD = gnu11;
				GCC_NO_COMMON_BLOCKS = YES;
				GCC_WARN_64_TO_32_BIT_CONVERSION = YES;
				GCC_WARN_ABOUT_RETURN_TYPE = YES_ERROR;
				GCC_WARN_UNDECLARED_SELECTOR = YES;
				GCC_WARN_UNINITIALIZED_AUTOS = YES_AGGRESSIVE;
				GCC_WARN_UNUSED_FUNCTION = YES;
				GCC_WARN_UNUSED_VARIABLE = YES;
				IPHONEOS_DEPLOYMENT_TARGET = 16.0;
				MTL_ENABLE_DEBUG_INFO = NO;
				MTL_FAST_MATH = YES;
				SDKROOT = iphoneos;
				SWIFT_COMPILATION_MODE = wholemodule;
				SWIFT_OPTIMIZATION_LEVEL = "-O";
				VALIDATE_PRODUCT = YES;
				VERSIONING_SYSTEM = "apple-generic";
				VERSION_INFO_PREFIX = "";
			};
			name = Release;
		};
		C62731552928ACDA0023A45E /* Debug */ = {
			isa = XCBuildConfiguration;
			buildSettings = {
				CODE_SIGN_STYLE = Automatic;
				CURRENT_PROJECT_VERSION = 1;
				DEFINES_MODULE = YES;
				DEVELOPMENT_TEAM = JXQ54B2CD8;
				DYLIB_COMPATIBILITY_VERSION = 1;
				DYLIB_CURRENT_VERSION = 1;
				DYLIB_INSTALL_NAME_BASE = "@rpath";
				GENERATE_INFOPLIST_FILE = YES;
				INFOPLIST_KEY_NSHumanReadableCopyright = "";
				INSTALL_PATH = "$(LOCAL_LIBRARY_DIR)/Frameworks";
				LD_RUNPATH_SEARCH_PATHS = (
					"$(inherited)",
					"@executable_path/Frameworks",
					"@loader_path/Frameworks",
				);
				MARKETING_VERSION = 1.0;
				PRODUCT_BUNDLE_IDENTIFIER = "com.alimoradi.my-extentions";
				PRODUCT_NAME = "$(TARGET_NAME:c99extidentifier)";
				SKIP_INSTALL = YES;
				SWIFT_EMIT_LOC_STRINGS = YES;
				SWIFT_VERSION = 5.0;
				TARGETED_DEVICE_FAMILY = "1,2";
			};
			name = Debug;
		};
		C62731562928ACDA0023A45E /* Release */ = {
			isa = XCBuildConfiguration;
			buildSettings = {
				CODE_SIGN_STYLE = Automatic;
				CURRENT_PROJECT_VERSION = 1;
				DEFINES_MODULE = YES;
				DEVELOPMENT_TEAM = JXQ54B2CD8;
				DYLIB_COMPATIBILITY_VERSION = 1;
				DYLIB_CURRENT_VERSION = 1;
				DYLIB_INSTALL_NAME_BASE = "@rpath";
				GENERATE_INFOPLIST_FILE = YES;
				INFOPLIST_KEY_NSHumanReadableCopyright = "";
				INSTALL_PATH = "$(LOCAL_LIBRARY_DIR)/Frameworks";
				LD_RUNPATH_SEARCH_PATHS = (
					"$(inherited)",
					"@executable_path/Frameworks",
					"@loader_path/Frameworks",
				);
				MARKETING_VERSION = 1.0;
				PRODUCT_BUNDLE_IDENTIFIER = "com.alimoradi.my-extentions";
				PRODUCT_NAME = "$(TARGET_NAME:c99extidentifier)";
				SKIP_INSTALL = YES;
				SWIFT_EMIT_LOC_STRINGS = YES;
				SWIFT_VERSION = 5.0;
				TARGETED_DEVICE_FAMILY = "1,2";
			};
			name = Release;
		};
		C62731582928ACDA0023A45E /* Debug */ = {
			isa = XCBuildConfiguration;
			buildSettings = {
				ALWAYS_EMBED_SWIFT_STANDARD_LIBRARIES = YES;
				CODE_SIGN_STYLE = Automatic;
				CURRENT_PROJECT_VERSION = 1;
				DEVELOPMENT_TEAM = JXQ54B2CD8;
				GENERATE_INFOPLIST_FILE = YES;
				MARKETING_VERSION = 1.0;
				PRODUCT_BUNDLE_IDENTIFIER = "com.alimoradi.my-extentionsTests";
				PRODUCT_NAME = "$(TARGET_NAME)";
				SWIFT_EMIT_LOC_STRINGS = NO;
				SWIFT_VERSION = 5.0;
				TARGETED_DEVICE_FAMILY = "1,2";
			};
			name = Debug;
		};
		C62731592928ACDA0023A45E /* Release */ = {
			isa = XCBuildConfiguration;
			buildSettings = {
				ALWAYS_EMBED_SWIFT_STANDARD_LIBRARIES = YES;
				CODE_SIGN_STYLE = Automatic;
				CURRENT_PROJECT_VERSION = 1;
				DEVELOPMENT_TEAM = JXQ54B2CD8;
				GENERATE_INFOPLIST_FILE = YES;
				MARKETING_VERSION = 1.0;
				PRODUCT_BUNDLE_IDENTIFIER = "com.alimoradi.my-extentionsTests";
				PRODUCT_NAME = "$(TARGET_NAME)";
				SWIFT_EMIT_LOC_STRINGS = NO;
				SWIFT_VERSION = 5.0;
				TARGETED_DEVICE_FAMILY = "1,2";
			};
			name = Release;
		};
/* End XCBuildConfiguration section */

/* Begin XCConfigurationList section */
		C627313A2928ACDA0023A45E /* Build configuration list for PBXProject "my-extentions" */ = {
			isa = XCConfigurationList;
			buildConfigurations = (
				C62731522928ACDA0023A45E /* Debug */,
				C62731532928ACDA0023A45E /* Release */,
			);
			defaultConfigurationIsVisible = 0;
			defaultConfigurationName = Release;
		};
		C62731542928ACDA0023A45E /* Build configuration list for PBXNativeTarget "my-extentions" */ = {
			isa = XCConfigurationList;
			buildConfigurations = (
				C62731552928ACDA0023A45E /* Debug */,
				C62731562928ACDA0023A45E /* Release */,
			);
			defaultConfigurationIsVisible = 0;
			defaultConfigurationName = Release;
		};
		C62731572928ACDA0023A45E /* Build configuration list for PBXNativeTarget "my-extentionsTests" */ = {
			isa = XCConfigurationList;
			buildConfigurations = (
				C62731582928ACDA0023A45E /* Debug */,
				C62731592928ACDA0023A45E /* Release */,
			);
			defaultConfigurationIsVisible = 0;
			defaultConfigurationName = Release;
		};
/* End XCConfigurationList section */
	};
	rootObject = C62731372928ACDA0023A45E /* Project object */;
}
